
Microsoft Visual Studio Solution File, Format Version 12.00
# Visual Studio Version 16
VisualStudioVersion = 16.0.30114.105
MinimumVisualStudioVersion = 10.0.40219.1
Project("{FAE04EC0-301F-11D3-BF4B-00C04F79EFBC}") = "API", "API\API.csproj", "{17C1CCE5-FE83-4096-839F-CA6284F0B6C4}"
EndProject
Project("{FAE04EC0-301F-11D3-BF4B-00C04F79EFBC}") = "Application", "Application\Application.csproj", "{A1B14A3A-1501-4501-B614-1813D1C01358}"
EndProject
Project("{FAE04EC0-301F-11D3-BF4B-00C04F79EFBC}") = "Persistence", "Persistence\Persistence.csproj", "{007C6B69-0DC3-494E-8C1E-575B78B7CFC4}"
EndProject
Project("{FAE04EC0-301F-11D3-BF4B-00C04F79EFBC}") = "Domain", "Domain\Domain.csproj", "{3AE26C96-82C7-48F8-AC1A-D191D472E0E0}"
EndProject
Global
	GlobalSection(SolutionConfigurationPlatforms) = preSolution
		Debug|Any CPU = Debug|Any CPU
		Release|Any CPU = Release|Any CPU
	EndGlobalSection
	GlobalSection(SolutionProperties) = preSolution
		HideSolutionNode = FALSE
	EndGlobalSection
	GlobalSection(ProjectConfigurationPlatforms) = postSolution
		{17C1CCE5-FE83-4096-839F-CA6284F0B6C4}.Debug|Any CPU.ActiveCfg = Debug|Any CPU
		{17C1CCE5-FE83-4096-839F-CA6284F0B6C4}.Debug|Any CPU.Build.0 = Debug|Any CPU
		{17C1CCE5-FE83-4096-839F-CA6284F0B6C4}.Release|Any CPU.ActiveCfg = Release|Any CPU
		{17C1CCE5-FE83-4096-839F-CA6284F0B6C4}.Release|Any CPU.Build.0 = Release|Any CPU
		{A1B14A3A-1501-4501-B614-1813D1C01358}.Debug|Any CPU.ActiveCfg = Debug|Any CPU
		{A1B14A3A-1501-4501-B614-1813D1C01358}.Debug|Any CPU.Build.0 = Debug|Any CPU
		{A1B14A3A-1501-4501-B614-1813D1C01358}.Release|Any CPU.ActiveCfg = Release|Any CPU
		{A1B14A3A-1501-4501-B614-1813D1C01358}.Release|Any CPU.Build.0 = Release|Any CPU
		{007C6B69-0DC3-494E-8C1E-575B78B7CFC4}.Debug|Any CPU.ActiveCfg = Debug|Any CPU
		{007C6B69-0DC3-494E-8C1E-575B78B7CFC4}.Debug|Any CPU.Build.0 = Debug|Any CPU
		{007C6B69-0DC3-494E-8C1E-575B78B7CFC4}.Release|Any CPU.ActiveCfg = Release|Any CPU
		{007C6B69-0DC3-494E-8C1E-575B78B7CFC4}.Release|Any CPU.Build.0 = Release|Any CPU
		{3AE26C96-82C7-48F8-AC1A-D191D472E0E0}.Debug|Any CPU.ActiveCfg = Debug|Any CPU
		{3AE26C96-82C7-48F8-AC1A-D191D472E0E0}.Debug|Any CPU.Build.0 = Debug|Any CPU
		{3AE26C96-82C7-48F8-AC1A-D191D472E0E0}.Release|Any CPU.ActiveCfg = Release|Any CPU
		{3AE26C96-82C7-48F8-AC1A-D191D472E0E0}.Release|Any CPU.Build.0 = Release|Any CPU
	EndGlobalSection
EndGlobal
